
Microsoft Visual Studio Solution File, Format Version 12.00
Project("{FAE04EC0-301F-11D3-BF4B-00C04F79EFBC}") = "modules-seats", "modules-seats.csproj", "{CE19644A-371F-4BC2-A5C2-0E779365D0FF}"
EndProject
Global
	GlobalSection(SolutionConfigurationPlatforms) = preSolution
		Debug|Any CPU = Debug|Any CPU
		Release|Any CPU = Release|Any CPU
	EndGlobalSection
	GlobalSection(ProjectConfigurationPlatforms) = postSolution
		{CE19644A-371F-4BC2-A5C2-0E779365D0FF}.Debug|Any CPU.ActiveCfg = Debug|Any CPU
		{CE19644A-371F-4BC2-A5C2-0E779365D0FF}.Debug|Any CPU.Build.0 = Debug|Any CPU
		{CE19644A-371F-4BC2-A5C2-0E779365D0FF}.Release|Any CPU.ActiveCfg = Release|Any CPU
		{CE19644A-371F-4BC2-A5C2-0E779365D0FF}.Release|Any CPU.Build.0 = Release|Any CPU
	EndGlobalSection
EndGlobal
